
Microsoft Visual Studio Solution File, Format Version 12.00
# Visual Studio Version 16
VisualStudioVersion = 16.0.30503.244
MinimumVisualStudioVersion = 10.0.40219.1
Project("{FAE04EC0-301F-11D3-BF4B-00C04F79EFBC}") = "mDMP_Sirvice", "mDMP_Sirvice\mDMP_Sirvice.csproj", "{8990166F-602B-495D-89EC-2937A7EE9CB2}"
EndProject
Global
	GlobalSection(SolutionConfigurationPlatforms) = preSolution
		Debug|Any CPU = Debug|Any CPU
		Release|Any CPU = Release|Any CPU
	EndGlobalSection
	GlobalSection(ProjectConfigurationPlatforms) = postSolution
		{8990166F-602B-495D-89EC-2937A7EE9CB2}.Debug|Any CPU.ActiveCfg = Debug|Any CPU
		{8990166F-602B-495D-89EC-2937A7EE9CB2}.Debug|Any CPU.Build.0 = Debug|Any CPU
		{8990166F-602B-495D-89EC-2937A7EE9CB2}.Release|Any CPU.ActiveCfg = Release|Any CPU
		{8990166F-602B-495D-89EC-2937A7EE9CB2}.Release|Any CPU.Build.0 = Release|Any CPU
	EndGlobalSection
	GlobalSection(SolutionProperties) = preSolution
		HideSolutionNode = FALSE
	EndGlobalSection
	GlobalSection(ExtensibilityGlobals) = postSolution
		SolutionGuid = {590B5AD5-FC68-4CAC-9515-2D2D35D42F05}
	EndGlobalSection
EndGlobal
